
Microsoft Visual Studio Solution File, Format Version 12.00
# Visual Studio 15
VisualStudioVersion = 15.0.27130.2024
MinimumVisualStudioVersion = 10.0.40219.1
Project("{FAE04EC0-301F-11D3-BF4B-00C04F79EFBC}") = "Neural Network. Core", "Neural Network. Core\Neural Network. Core.csproj", "{236B3D12-05B6-44F0-9615-894AE80AD623}"
EndProject
Project("{FAE04EC0-301F-11D3-BF4B-00C04F79EFBC}") = "Neural Network. UI", "Neural Network. UI\Neural Network. UI.csproj", "{43570AB3-240E-4FB5-B90E-28BE9899A47C}"
EndProject
Global
	GlobalSection(SolutionConfigurationPlatforms) = preSolution
		Debug|Any CPU = Debug|Any CPU
		Release|Any CPU = Release|Any CPU
	EndGlobalSection
	GlobalSection(ProjectConfigurationPlatforms) = postSolution
		{236B3D12-05B6-44F0-9615-894AE80AD623}.Debug|Any CPU.ActiveCfg = Debug|Any CPU
		{236B3D12-05B6-44F0-9615-894AE80AD623}.Debug|Any CPU.Build.0 = Debug|Any CPU
		{236B3D12-05B6-44F0-9615-894AE80AD623}.Release|Any CPU.ActiveCfg = Release|Any CPU
		{236B3D12-05B6-44F0-9615-894AE80AD623}.Release|Any CPU.Build.0 = Release|Any CPU
		{43570AB3-240E-4FB5-B90E-28BE9899A47C}.Debug|Any CPU.ActiveCfg = Debug|Any CPU
		{43570AB3-240E-4FB5-B90E-28BE9899A47C}.Debug|Any CPU.Build.0 = Debug|Any CPU
		{43570AB3-240E-4FB5-B90E-28BE9899A47C}.Release|Any CPU.ActiveCfg = Release|Any CPU
		{43570AB3-240E-4FB5-B90E-28BE9899A47C}.Release|Any CPU.Build.0 = Release|Any CPU
	EndGlobalSection
	GlobalSection(SolutionProperties) = preSolution
		HideSolutionNode = FALSE
	EndGlobalSection
	GlobalSection(ExtensibilityGlobals) = postSolution
		SolutionGuid = {042076F9-C187-43F7-A5EB-7B7299D28262}
	EndGlobalSection
EndGlobal
